
Microsoft Visual Studio Solution File, Format Version 12.00
# Visual Studio Version 16
VisualStudioVersion = 16.0.29215.179
MinimumVisualStudioVersion = 10.0.40219.1
Project("{FAE04EC0-301F-11D3-BF4B-00C04F79EFBC}") = "AnnoMath", "AnnoMath\AnnoMath.csproj", "{4C6CA90F-5DD8-48E8-A8DF-F20EC4A3EC3F}"
EndProject
Global
	GlobalSection(SolutionConfigurationPlatforms) = preSolution
		Debug|Any CPU = Debug|Any CPU
		Release|Any CPU = Release|Any CPU
	EndGlobalSection
	GlobalSection(ProjectConfigurationPlatforms) = postSolution
		{4C6CA90F-5DD8-48E8-A8DF-F20EC4A3EC3F}.Debug|Any CPU.ActiveCfg = Debug|Any CPU
		{4C6CA90F-5DD8-48E8-A8DF-F20EC4A3EC3F}.Debug|Any CPU.Build.0 = Debug|Any CPU
		{4C6CA90F-5DD8-48E8-A8DF-F20EC4A3EC3F}.Release|Any CPU.ActiveCfg = Release|Any CPU
		{4C6CA90F-5DD8-48E8-A8DF-F20EC4A3EC3F}.Release|Any CPU.Build.0 = Release|Any CPU
	EndGlobalSection
	GlobalSection(SolutionProperties) = preSolution
		HideSolutionNode = FALSE
	EndGlobalSection
	GlobalSection(ExtensibilityGlobals) = postSolution
		SolutionGuid = {A64B6559-3C90-4A42-987F-6F415FC31204}
	EndGlobalSection
EndGlobal
